// !$*UTF8*$!
{
	archiveVersion = 1;
	classes = {
	};
	objectVersion = 50;
	objects = {

/* Begin PBXBuildFile section */
		3E097E1B20D9FEEA009201A9 /* AppDelegate.swift in Sources */ = {isa = PBXBuildFile; fileRef = 3E097E1A20D9FEEA009201A9 /* AppDelegate.swift */; };
		3E097E2020D9FEEA009201A9 /* Main.storyboard in Resources */ = {isa = PBXBuildFile; fileRef = 3E097E1E20D9FEEA009201A9 /* Main.storyboard */; };
		3E097E2220D9FEED009201A9 /* Assets.xcassets in Resources */ = {isa = PBXBuildFile; fileRef = 3E097E2120D9FEED009201A9 /* Assets.xcassets */; };
		3E097E2520D9FEED009201A9 /* LaunchScreen.storyboard in Resources */ = {isa = PBXBuildFile; fileRef = 3E097E2320D9FEED009201A9 /* LaunchScreen.storyboard */; };
		3E097F5220D9FF7A009201A9 /* JsonTest2Model.swift in Sources */ = {isa = PBXBuildFile; fileRef = 3E097E3D20D9FF78009201A9 /* JsonTest2Model.swift */; };
		3E097F5320D9FF7A009201A9 /* 1242x2208@3x.png in Resources */ = {isa = PBXBuildFile; fileRef = 3E097E4020D9FF78009201A9 /* 1242x2208@3x.png */; };
		3E097F5420D9FF7A009201A9 /* jsonTest.json in Resources */ = {isa = PBXBuildFile; fileRef = 3E097E4120D9FF78009201A9 /* jsonTest.json */; };
		3E097F5520D9FF7A009201A9 /* jsonTest2.json in Resources */ = {isa = PBXBuildFile; fileRef = 3E097E4220D9FF78009201A9 /* jsonTest2.json */; };
		3E09800A20D9FF7A009201A9 /* ColorConst.swift in Sources */ = {isa = PBXBuildFile; fileRef = 3E097F4020D9FF79009201A9 /* ColorConst.swift */; };
		3E09800B20D9FF7A009201A9 /* ExtentionUIView.swift in Sources */ = {isa = PBXBuildFile; fileRef = 3E097F4120D9FF79009201A9 /* ExtentionUIView.swift */; };
		3E09800C20D9FF7A009201A9 /* FontSizeConst.swift in Sources */ = {isa = PBXBuildFile; fileRef = 3E097F4220D9FF79009201A9 /* FontSizeConst.swift */; };
		3E09800D20D9FF7A009201A9 /* GlobalConst.swift in Sources */ = {isa = PBXBuildFile; fileRef = 3E097F4320D9FF79009201A9 /* GlobalConst.swift */; };
		3E09800E20D9FF7A009201A9 /* ImageTextFiledView.swift in Sources */ = {isa = PBXBuildFile; fileRef = 3E097F4520D9FF79009201A9 /* ImageTextFiledView.swift */; };
		3E09801C20DA269A009201A9 /* AgreementViewController.swift in Sources */ = {isa = PBXBuildFile; fileRef = 3E09801020DA2699009201A9 /* AgreementViewController.swift */; };
		3E09801E20DA269A009201A9 /* ForgetViewController.swift in Sources */ = {isa = PBXBuildFile; fileRef = 3E09801220DA2699009201A9 /* ForgetViewController.swift */; };
		3E09801F20DA269A009201A9 /* LoginBgImageVC.swift in Sources */ = {isa = PBXBuildFile; fileRef = 3E09801320DA2699009201A9 /* LoginBgImageVC.swift */; };
		3E09802020DA269A009201A9 /* LoginViewController.swift in Sources */ = {isa = PBXBuildFile; fileRef = 3E09801420DA2699009201A9 /* LoginViewController.swift */; };
		3E09802120DA269A009201A9 /* ParseFile.swift in Sources */ = {isa = PBXBuildFile; fileRef = 3E09801520DA2699009201A9 /* ParseFile.swift */; };
		3E09802220DA269A009201A9 /* RegisterForgetView.swift in Sources */ = {isa = PBXBuildFile; fileRef = 3E09801620DA2699009201A9 /* RegisterForgetView.swift */; };
		3E09802320DA269A009201A9 /* RegisterViewController.swift in Sources */ = {isa = PBXBuildFile; fileRef = 3E09801720DA2699009201A9 /* RegisterViewController.swift */; };
		3E09802920DA3F75009201A9 /* ReadMe in Resources */ = {isa = PBXBuildFile; fileRef = 3E09802820DA3F75009201A9 /* ReadMe */; };
		3E09805D20DA47A0009201A9 /* Alamofire.framework in Frameworks */ = {isa = PBXBuildFile; fileRef = 3E09804F20DA4798009201A9 /* Alamofire.framework */; };
		3E09806320DA4A4E009201A9 /* CETCSwiftAlertVC.swift in Sources */ = {isa = PBXBuildFile; fileRef = 3E09805F20DA4A4C009201A9 /* CETCSwiftAlertVC.swift */; };
		3E09806420DA4A4E009201A9 /* CETCSwiftBaseVC.swift in Sources */ = {isa = PBXBuildFile; fileRef = 3E09806020DA4A4C009201A9 /* CETCSwiftBaseVC.swift */; };
		3E0DE8D920DCD3A5007D7021 /* ArrayDicSetTest.swift in Sources */ = {isa = PBXBuildFile; fileRef = 3E0DE8D320DCD3A5007D7021 /* ArrayDicSetTest.swift */; };
		3E0DE8DA20DCD3A5007D7021 /* CETCSwiftTestVC.swift in Sources */ = {isa = PBXBuildFile; fileRef = 3E0DE8D420DCD3A5007D7021 /* CETCSwiftTestVC.swift */; };
		3E0DE8DB20DCD3A5007D7021 /* TestAView.swift in Sources */ = {isa = PBXBuildFile; fileRef = 3E0DE8D520DCD3A5007D7021 /* TestAView.swift */; };
		3E0DE8DC20DCD3A5007D7021 /* TestObj.swift in Sources */ = {isa = PBXBuildFile; fileRef = 3E0DE8D620DCD3A5007D7021 /* TestObj.swift */; };
		3E0DE8DD20DCD3A5007D7021 /* TestViewController.swift in Sources */ = {isa = PBXBuildFile; fileRef = 3E0DE8D720DCD3A5007D7021 /* TestViewController.swift */; };
		3E0DE8DE20DCD3A5007D7021 /* TestViewController.xib in Resources */ = {isa = PBXBuildFile; fileRef = 3E0DE8D820DCD3A5007D7021 /* TestViewController.xib */; };
		3E97918120DB38C50092F244 /* SwiftyJSON.framework in Frameworks */ = {isa = PBXBuildFile; fileRef = 3E97917420DB38B80092F244 /* SwiftyJSON.framework */; };
		3E97918620DB39F00092F244 /* UIAlertExtension.swift in Sources */ = {isa = PBXBuildFile; fileRef = 3E97918220DB39EC0092F244 /* UIAlertExtension.swift */; };
		3E97918720DB39F00092F244 /* Base64Encode.swift in Sources */ = {isa = PBXBuildFile; fileRef = 3E97918320DB39EE0092F244 /* Base64Encode.swift */; };
		3E97918820DB39F00092F244 /* StringMd5.swift in Sources */ = {isa = PBXBuildFile; fileRef = 3E97918420DB39F00092F244 /* StringMd5.swift */; };
		3E97918920DB39F00092F244 /* ExtensionFile.swift in Sources */ = {isa = PBXBuildFile; fileRef = 3E97918520DB39F00092F244 /* ExtensionFile.swift */; };
		3E97918B20DB39FF0092F244 /* Swift_pch.swift in Sources */ = {isa = PBXBuildFile; fileRef = 3E97918A20DB39FE0092F244 /* Swift_pch.swift */; };
		3E9791A620DB3CEB0092F244 /* AlamofireImage.framework in Frameworks */ = {isa = PBXBuildFile; fileRef = 3E97919920DB3CD70092F244 /* AlamofireImage.framework */; };
		3E9791AB20DB47690092F244 /* CETCSwiftNetWork.swift in Sources */ = {isa = PBXBuildFile; fileRef = 3E9791A920DB47690092F244 /* CETCSwiftNetWork.swift */; };
		3E9791AC20DB47690092F244 /* CETCSwiftInterface.swift in Sources */ = {isa = PBXBuildFile; fileRef = 3E9791AA20DB47690092F244 /* CETCSwiftInterface.swift */; };
		3E9791AE20DB477E0092F244 /* LearnPlanModel.swift in Sources */ = {isa = PBXBuildFile; fileRef = 3E9791AD20DB477E0092F244 /* LearnPlanModel.swift */; };
		3E9791B920DB47AD0092F244 /* CETCLearnPlanCell.swift in Sources */ = {isa = PBXBuildFile; fileRef = 3E9791AF20DB47AD0092F244 /* CETCLearnPlanCell.swift */; };
		3E9791BB20DB47AD0092F244 /* CETCLearnPlanVC.swift in Sources */ = {isa = PBXBuildFile; fileRef = 3E9791B120DB47AD0092F244 /* CETCLearnPlanVC.swift */; };
		3E9791BC20DB47AD0092F244 /* CETCLearnPlanCell.xib in Resources */ = {isa = PBXBuildFile; fileRef = 3E9791B220DB47AD0092F244 /* CETCLearnPlanCell.xib */; };
		3E9791BD20DB47AD0092F244 /* CETCUploadImagesVC.swift in Sources */ = {isa = PBXBuildFile; fileRef = 3E9791B320DB47AD0092F244 /* CETCUploadImagesVC.swift */; };
		3E9791BE20DB47AD0092F244 /* CETCSwiftFourLearVC.swift in Sources */ = {isa = PBXBuildFile; fileRef = 3E9791B420DB47AD0092F244 /* CETCSwiftFourLearVC.swift */; };
		3E9791BF20DB47AE0092F244 /* CETCUploadImagesVC.xib in Resources */ = {isa = PBXBuildFile; fileRef = 3E9791B520DB47AD0092F244 /* CETCUploadImagesVC.xib */; };
		3E9791C020DB47AE0092F244 /* SwiftBaseDataCode.swift in Sources */ = {isa = PBXBuildFile; fileRef = 3E9791B620DB47AD0092F244 /* SwiftBaseDataCode.swift */; };
		3E9791C120DB47AE0092F244 /* CETCSwiftCollectionViewVC.swift in Sources */ = {isa = PBXBuildFile; fileRef = 3E9791B720DB47AD0092F244 /* CETCSwiftCollectionViewVC.swift */; };
		3E9791C220DB47AE0092F244 /* CETCSwiftTableviewVC.swift in Sources */ = {isa = PBXBuildFile; fileRef = 3E9791B820DB47AD0092F244 /* CETCSwiftTableviewVC.swift */; };
		3E9791D020DB4E5A0092F244 /* ESPullToRefresh.framework in Frameworks */ = {isa = PBXBuildFile; fileRef = 3E9791CF20DB4E4C0092F244 /* ESPullToRefresh.framework */; };
		3E9791D320DB53410092F244 /* SwiftProgressHUD.swift in Sources */ = {isa = PBXBuildFile; fileRef = 3E9791D220DB53410092F244 /* SwiftProgressHUD.swift */; };
		3E9791D520DB71740092F244 /* UserModel.swift in Sources */ = {isa = PBXBuildFile; fileRef = 3E9791D420DB71740092F244 /* UserModel.swift */; };
		3E9791FA20DB76390092F244 /* swift-Refresh.png in Resources */ = {isa = PBXBuildFile; fileRef = 3E9791F920DB76390092F244 /* swift-Refresh.png */; };
		3EC5B2E720DBA03C00F000BD /* launch.png in Resources */ = {isa = PBXBuildFile; fileRef = 3EC5B2CC20DBA03B00F000BD /* launch.png */; };
/* End PBXBuildFile section */

/* Begin PBXContainerItemProxy section */
		3E09804E20DA4798009201A9 /* PBXContainerItemProxy */ = {
			isa = PBXContainerItemProxy;
			containerPortal = 3E09804320DA4798009201A9 /* Alamofire.xcodeproj */;
			proxyType = 2;
			remoteGlobalIDString = F8111E3319A95C8B0040E7D1;
			remoteInfo = "Alamofire iOS";
		};
		3E09805020DA4798009201A9 /* PBXContainerItemProxy */ = {
			isa = PBXContainerItemProxy;
			containerPortal = 3E09804320DA4798009201A9 /* Alamofire.xcodeproj */;
			proxyType = 2;
			remoteGlobalIDString = F8111E3E19A95C8B0040E7D1;
			remoteInfo = "Alamofire iOS Tests";
		};
		3E09805220DA4798009201A9 /* PBXContainerItemProxy */ = {
			isa = PBXContainerItemProxy;
			containerPortal = 3E09804320DA4798009201A9 /* Alamofire.xcodeproj */;
			proxyType = 2;
			remoteGlobalIDString = 4DD67C0B1A5C55C900ED2280;
			remoteInfo = "Alamofire macOS";
		};
		3E09805420DA4798009201A9 /* PBXContainerItemProxy */ = {
			isa = PBXContainerItemProxy;
			containerPortal = 3E09804320DA4798009201A9 /* Alamofire.xcodeproj */;
			proxyType = 2;
			remoteGlobalIDString = F829C6B21A7A94F100A2CD59;
			remoteInfo = "Alamofire macOS Tests";
		};
		3E09805620DA4798009201A9 /* PBXContainerItemProxy */ = {
			isa = PBXContainerItemProxy;
			containerPortal = 3E09804320DA4798009201A9 /* Alamofire.xcodeproj */;
			proxyType = 2;
			remoteGlobalIDString = 4CF626EF1BA7CB3E0011A099;
			remoteInfo = "Alamofire tvOS";
		};
		3E09805820DA4798009201A9 /* PBXContainerItemProxy */ = {
			isa = PBXContainerItemProxy;
			containerPortal = 3E09804320DA4798009201A9 /* Alamofire.xcodeproj */;
			proxyType = 2;
			remoteGlobalIDString = 4CF626F81BA7CB3E0011A099;
			remoteInfo = "Alamofire tvOS Tests";
		};
		3E09805A20DA4798009201A9 /* PBXContainerItemProxy */ = {
			isa = PBXContainerItemProxy;
			containerPortal = 3E09804320DA4798009201A9 /* Alamofire.xcodeproj */;
			proxyType = 2;
			remoteGlobalIDString = E4202FE01B667AA100C997FB;
			remoteInfo = "Alamofire watchOS";
		};
		3E97917320DB38B80092F244 /* PBXContainerItemProxy */ = {
			isa = PBXContainerItemProxy;
			containerPortal = 3E97916820DB38B80092F244 /* SwiftyJSON.xcodeproj */;
			proxyType = 2;
			remoteGlobalIDString = 2E4FEFDB19575BE100351305;
			remoteInfo = "SwiftyJSON iOS";
		};
		3E97917520DB38B80092F244 /* PBXContainerItemProxy */ = {
			isa = PBXContainerItemProxy;
			containerPortal = 3E97916820DB38B80092F244 /* SwiftyJSON.xcodeproj */;
			proxyType = 2;
			remoteGlobalIDString = 2E4FEFE619575BE100351305;
			remoteInfo = "SwiftyJSON iOS Tests";
		};
		3E97917720DB38B80092F244 /* PBXContainerItemProxy */ = {
			isa = PBXContainerItemProxy;
			containerPortal = 3E97916820DB38B80092F244 /* SwiftyJSON.xcodeproj */;
			proxyType = 2;
			remoteGlobalIDString = 9C7DFC5B1A9102BD005AA3F7;
			remoteInfo = "SwiftyJSON macOS";
		};
		3E97917920DB38B80092F244 /* PBXContainerItemProxy */ = {
			isa = PBXContainerItemProxy;
			containerPortal = 3E97916820DB38B80092F244 /* SwiftyJSON.xcodeproj */;
			proxyType = 2;
			remoteGlobalIDString = 9C7DFC651A9102BD005AA3F7;
			remoteInfo = "SwiftyJSON macOS Tests";
		};
		3E97917B20DB38B80092F244 /* PBXContainerItemProxy */ = {
			isa = PBXContainerItemProxy;
			containerPortal = 3E97916820DB38B80092F244 /* SwiftyJSON.xcodeproj */;
			proxyType = 2;
			remoteGlobalIDString = E4D7CCE81B9465A700EE7221;
			remoteInfo = "SwiftyJSON watchOS";
		};
		3E97917D20DB38B80092F244 /* PBXContainerItemProxy */ = {
			isa = PBXContainerItemProxy;
			containerPortal = 3E97916820DB38B80092F244 /* SwiftyJSON.xcodeproj */;
			proxyType = 2;
			remoteGlobalIDString = 7236B4F61BAC14150020529B;
			remoteInfo = "SwiftyJSON tvOS";
		};
		3E97917F20DB38B80092F244 /* PBXContainerItemProxy */ = {
			isa = PBXContainerItemProxy;
			containerPortal = 3E97916820DB38B80092F244 /* SwiftyJSON.xcodeproj */;
			proxyType = 2;
			remoteGlobalIDString = A8580F741BCF5C5B00DA927B;
			remoteInfo = "SwiftyJSON tvOS Tests";
		};
		3E97919820DB3CD70092F244 /* PBXContainerItemProxy */ = {
			isa = PBXContainerItemProxy;
			containerPortal = 3E97918C20DB3CD70092F244 /* AlamofireImage.xcodeproj */;
			proxyType = 2;
			remoteGlobalIDString = 4C9043771AABBFC5001B4E60;
			remoteInfo = "AlamofireImage iOS";
		};
		3E97919A20DB3CD70092F244 /* PBXContainerItemProxy */ = {
			isa = PBXContainerItemProxy;
			containerPortal = 3E97918C20DB3CD70092F244 /* AlamofireImage.xcodeproj */;
			proxyType = 2;
			remoteGlobalIDString = 4C9043821AABBFC5001B4E60;
			remoteInfo = "AlamofireImage iOS Tests";
		};
		3E97919C20DB3CD70092F244 /* PBXContainerItemProxy */ = {
			isa = PBXContainerItemProxy;
			containerPortal = 3E97918C20DB3CD70092F244 /* AlamofireImage.xcodeproj */;
			proxyType = 2;
			remoteGlobalIDString = 4CE611321AABC24E00D35044;
			remoteInfo = "AlamofireImage macOS";
		};
		3E97919E20DB3CD70092F244 /* PBXContainerItemProxy */ = {
			isa = PBXContainerItemProxy;
			containerPortal = 3E97918C20DB3CD70092F244 /* AlamofireImage.xcodeproj */;
			proxyType = 2;
			remoteGlobalIDString = 4CE611471AABC5C900D35044;
			remoteInfo = "AlamofireImage macOS Tests";
		};
		3E9791A020DB3CD70092F244 /* PBXContainerItemProxy */ = {
			isa = PBXContainerItemProxy;
			containerPortal = 3E97918C20DB3CD70092F244 /* AlamofireImage.xcodeproj */;
			proxyType = 2;
			remoteGlobalIDString = 4C16B37D1BA9399500A66EF0;
			remoteInfo = "AlamofireImage tvOS";
		};
		3E9791A220DB3CD70092F244 /* PBXContainerItemProxy */ = {
			isa = PBXContainerItemProxy;
			containerPortal = 3E97918C20DB3CD70092F244 /* AlamofireImage.xcodeproj */;
			proxyType = 2;
			remoteGlobalIDString = 4C16B3861BA9399500A66EF0;
			remoteInfo = "AlamofireImage tvOS Tests";
		};
		3E9791A420DB3CD70092F244 /* PBXContainerItemProxy */ = {
			isa = PBXContainerItemProxy;
			containerPortal = 3E97918C20DB3CD70092F244 /* AlamofireImage.xcodeproj */;
			proxyType = 2;
			remoteGlobalIDString = 4C4D4EC11B92976900C96855;
			remoteInfo = "AlamofireImage watchOS";
		};
		3E9791CC20DB4E4C0092F244 /* PBXContainerItemProxy */ = {
			isa = PBXContainerItemProxy;
			containerPortal = 3E9791C720DB4E4C0092F244 /* ESPullToRefreshExample.xcodeproj */;
			proxyType = 2;
			remoteGlobalIDString = F692000C1CDB9A530029EF47;
			remoteInfo = ESPullToRefreshExample;
		};
		3E9791CE20DB4E4C0092F244 /* PBXContainerItemProxy */ = {
			isa = PBXContainerItemProxy;
			containerPortal = 3E9791C720DB4E4C0092F244 /* ESPullToRefreshExample.xcodeproj */;
			proxyType = 2;
			remoteGlobalIDString = F690772D1D0D0AE300BE91FE;
			remoteInfo = ESPullToRefresh;
		};
/* End PBXContainerItemProxy section */

/* Begin PBXFileReference section */
		3E097E1720D9FEEA009201A9 /* SwiftStudy.app */ = {isa = PBXFileReference; explicitFileType = wrapper.application; includeInIndex = 0; path = SwiftStudy.app; sourceTree = BUILT_PRODUCTS_DIR; };
		3E097E1A20D9FEEA009201A9 /* AppDelegate.swift */ = {isa = PBXFileReference; lastKnownFileType = sourcecode.swift; path = AppDelegate.swift; sourceTree = "<group>"; };
		3E097E1F20D9FEEA009201A9 /* Base */ = {isa = PBXFileReference; lastKnownFileType = file.storyboard; name = Base; path = Base.lproj/Main.storyboard; sourceTree = "<group>"; };
		3E097E2120D9FEED009201A9 /* Assets.xcassets */ = {isa = PBXFileReference; lastKnownFileType = folder.assetcatalog; path = Assets.xcassets; sourceTree = "<group>"; };
		3E097E2420D9FEED009201A9 /* Base */ = {isa = PBXFileReference; lastKnownFileType = file.storyboard; name = Base; path = Base.lproj/LaunchScreen.storyboard; sourceTree = "<group>"; };
		3E097E2620D9FEED009201A9 /* Info.plist */ = {isa = PBXFileReference; lastKnownFileType = text.plist.xml; path = Info.plist; sourceTree = "<group>"; };
		3E097E3D20D9FF78009201A9 /* JsonTest2Model.swift */ = {isa = PBXFileReference; fileEncoding = 4; lastKnownFileType = sourcecode.swift; path = JsonTest2Model.swift; sourceTree = "<group>"; };
		3E097E4020D9FF78009201A9 /* 1242x2208@3x.png */ = {isa = PBXFileReference; lastKnownFileType = image.png; path = "1242x2208@3x.png"; sourceTree = "<group>"; };
		3E097E4120D9FF78009201A9 /* jsonTest.json */ = {isa = PBXFileReference; fileEncoding = 4; lastKnownFileType = text.json; path = jsonTest.json; sourceTree = "<group>"; };
		3E097E4220D9FF78009201A9 /* jsonTest2.json */ = {isa = PBXFileReference; fileEncoding = 4; lastKnownFileType = text.json; path = jsonTest2.json; sourceTree = "<group>"; };
		3E097F4020D9FF79009201A9 /* ColorConst.swift */ = {isa = PBXFileReference; fileEncoding = 4; lastKnownFileType = sourcecode.swift; path = ColorConst.swift; sourceTree = "<group>"; };
		3E097F4120D9FF79009201A9 /* ExtentionUIView.swift */ = {isa = PBXFileReference; fileEncoding = 4; lastKnownFileType = sourcecode.swift; path = ExtentionUIView.swift; sourceTree = "<group>"; };
		3E097F4220D9FF79009201A9 /* FontSizeConst.swift */ = {isa = PBXFileReference; fileEncoding = 4; lastKnownFileType = sourcecode.swift; path = FontSizeConst.swift; sourceTree = "<group>"; };
		3E097F4320D9FF79009201A9 /* GlobalConst.swift */ = {isa = PBXFileReference; fileEncoding = 4; lastKnownFileType = sourcecode.swift; path = GlobalConst.swift; sourceTree = "<group>"; };
		3E097F4520D9FF79009201A9 /* ImageTextFiledView.swift */ = {isa = PBXFileReference; fileEncoding = 4; lastKnownFileType = sourcecode.swift; path = ImageTextFiledView.swift; sourceTree = "<group>"; };
		3E09801020DA2699009201A9 /* AgreementViewController.swift */ = {isa = PBXFileReference; fileEncoding = 4; lastKnownFileType = sourcecode.swift; path = AgreementViewController.swift; sourceTree = "<group>"; };
		3E09801220DA2699009201A9 /* ForgetViewController.swift */ = {isa = PBXFileReference; fileEncoding = 4; lastKnownFileType = sourcecode.swift; path = ForgetViewController.swift; sourceTree = "<group>"; };
		3E09801320DA2699009201A9 /* LoginBgImageVC.swift */ = {isa = PBXFileReference; fileEncoding = 4; lastKnownFileType = sourcecode.swift; path = LoginBgImageVC.swift; sourceTree = "<group>"; };
		3E09801420DA2699009201A9 /* LoginViewController.swift */ = {isa = PBXFileReference; fileEncoding = 4; lastKnownFileType = sourcecode.swift; path = LoginViewController.swift; sourceTree = "<group>"; };
		3E09801520DA2699009201A9 /* ParseFile.swift */ = {isa = PBXFileReference; fileEncoding = 4; lastKnownFileType = sourcecode.swift; path = ParseFile.swift; sourceTree = "<group>"; };
		3E09801620DA2699009201A9 /* RegisterForgetView.swift */ = {isa = PBXFileReference; fileEncoding = 4; lastKnownFileType = sourcecode.swift; path = RegisterForgetView.swift; sourceTree = "<group>"; };
		3E09801720DA2699009201A9 /* RegisterViewController.swift */ = {isa = PBXFileReference; fileEncoding = 4; lastKnownFileType = sourcecode.swift; path = RegisterViewController.swift; sourceTree = "<group>"; };
		3E09802820DA3F75009201A9 /* ReadMe */ = {isa = PBXFileReference; lastKnownFileType = text; path = ReadMe; sourceTree = "<group>"; };
		3E09804320DA4798009201A9 /* Alamofire.xcodeproj */ = {isa = PBXFileReference; lastKnownFileType = "wrapper.pb-project"; name = Alamofire.xcodeproj; path = "Alamofire-master/Alamofire.xcodeproj"; sourceTree = "<group>"; };
		3E09805F20DA4A4C009201A9 /* CETCSwiftAlertVC.swift */ = {isa = PBXFileReference; fileEncoding = 4; lastKnownFileType = sourcecode.swift; path = CETCSwiftAlertVC.swift; sourceTree = "<group>"; };
		3E09806020DA4A4C009201A9 /* CETCSwiftBaseVC.swift */ = {isa = PBXFileReference; fileEncoding = 4; lastKnownFileType = sourcecode.swift; path = CETCSwiftBaseVC.swift; sourceTree = "<group>"; };
		3E0DE8D320DCD3A5007D7021 /* ArrayDicSetTest.swift */ = {isa = PBXFileReference; fileEncoding = 4; lastKnownFileType = sourcecode.swift; path = ArrayDicSetTest.swift; sourceTree = "<group>"; };
		3E0DE8D420DCD3A5007D7021 /* CETCSwiftTestVC.swift */ = {isa = PBXFileReference; fileEncoding = 4; lastKnownFileType = sourcecode.swift; path = CETCSwiftTestVC.swift; sourceTree = "<group>"; };
		3E0DE8D520DCD3A5007D7021 /* TestAView.swift */ = {isa = PBXFileReference; fileEncoding = 4; lastKnownFileType = sourcecode.swift; path = TestAView.swift; sourceTree = "<group>"; };
		3E0DE8D620DCD3A5007D7021 /* TestObj.swift */ = {isa = PBXFileReference; fileEncoding = 4; lastKnownFileType = sourcecode.swift; path = TestObj.swift; sourceTree = "<group>"; };
		3E0DE8D720DCD3A5007D7021 /* TestViewController.swift */ = {isa = PBXFileReference; fileEncoding = 4; lastKnownFileType = sourcecode.swift; path = TestViewController.swift; sourceTree = "<group>"; };
		3E0DE8D820DCD3A5007D7021 /* TestViewController.xib */ = {isa = PBXFileReference; fileEncoding = 4; lastKnownFileType = file.xib; path = TestViewController.xib; sourceTree = "<group>"; };
		3E97916820DB38B80092F244 /* SwiftyJSON.xcodeproj */ = {isa = PBXFileReference; lastKnownFileType = "wrapper.pb-project"; name = SwiftyJSON.xcodeproj; path = "SwiftyJSON-master/SwiftyJSON.xcodeproj"; sourceTree = "<group>"; };
		3E97918220DB39EC0092F244 /* UIAlertExtension.swift */ = {isa = PBXFileReference; fileEncoding = 4; lastKnownFileType = sourcecode.swift; path = UIAlertExtension.swift; sourceTree = "<group>"; };
		3E97918320DB39EE0092F244 /* Base64Encode.swift */ = {isa = PBXFileReference; fileEncoding = 4; lastKnownFileType = sourcecode.swift; path = Base64Encode.swift; sourceTree = "<group>"; };
		3E97918420DB39F00092F244 /* StringMd5.swift */ = {isa = PBXFileReference; fileEncoding = 4; lastKnownFileType = sourcecode.swift; path = StringMd5.swift; sourceTree = "<group>"; };
		3E97918520DB39F00092F244 /* ExtensionFile.swift */ = {isa = PBXFileReference; fileEncoding = 4; lastKnownFileType = sourcecode.swift; path = ExtensionFile.swift; sourceTree = "<group>"; };
		3E97918A20DB39FE0092F244 /* Swift_pch.swift */ = {isa = PBXFileReference; fileEncoding = 4; lastKnownFileType = sourcecode.swift; path = Swift_pch.swift; sourceTree = "<group>"; };
		3E97918C20DB3CD70092F244 /* AlamofireImage.xcodeproj */ = {isa = PBXFileReference; lastKnownFileType = "wrapper.pb-project"; name = AlamofireImage.xcodeproj; path = "AlamofireImage-master/AlamofireImage.xcodeproj"; sourceTree = "<group>"; };
		3E9791A820DB44E50092F244 /* Bridging-Header.h */ = {isa = PBXFileReference; lastKnownFileType = sourcecode.c.h; path = "Bridging-Header.h"; sourceTree = "<group>"; };
		3E9791A920DB47690092F244 /* CETCSwiftNetWork.swift */ = {isa = PBXFileReference; fileEncoding = 4; lastKnownFileType = sourcecode.swift; path = CETCSwiftNetWork.swift; sourceTree = "<group>"; };
		3E9791AA20DB47690092F244 /* CETCSwiftInterface.swift */ = {isa = PBXFileReference; fileEncoding = 4; lastKnownFileType = sourcecode.swift; path = CETCSwiftInterface.swift; sourceTree = "<group>"; };
		3E9791AD20DB477E0092F244 /* LearnPlanModel.swift */ = {isa = PBXFileReference; fileEncoding = 4; lastKnownFileType = sourcecode.swift; path = LearnPlanModel.swift; sourceTree = "<group>"; };
		3E9791AF20DB47AD0092F244 /* CETCLearnPlanCell.swift */ = {isa = PBXFileReference; fileEncoding = 4; lastKnownFileType = sourcecode.swift; path = CETCLearnPlanCell.swift; sourceTree = "<group>"; };
		3E9791B120DB47AD0092F244 /* CETCLearnPlanVC.swift */ = {isa = PBXFileReference; fileEncoding = 4; lastKnownFileType = sourcecode.swift; path = CETCLearnPlanVC.swift; sourceTree = "<group>"; };
		3E9791B220DB47AD0092F244 /* CETCLearnPlanCell.xib */ = {isa = PBXFileReference; fileEncoding = 4; lastKnownFileType = file.xib; path = CETCLearnPlanCell.xib; sourceTree = "<group>"; };
		3E9791B320DB47AD0092F244 /* CETCUploadImagesVC.swift */ = {isa = PBXFileReference; fileEncoding = 4; lastKnownFileType = sourcecode.swift; path = CETCUploadImagesVC.swift; sourceTree = "<group>"; };
		3E9791B420DB47AD0092F244 /* CETCSwiftFourLearVC.swift */ = {isa = PBXFileReference; fileEncoding = 4; lastKnownFileType = sourcecode.swift; path = CETCSwiftFourLearVC.swift; sourceTree = "<group>"; };
		3E9791B520DB47AD0092F244 /* CETCUploadImagesVC.xib */ = {isa = PBXFileReference; fileEncoding = 4; lastKnownFileType = file.xib; path = CETCUploadImagesVC.xib; sourceTree = "<group>"; };
		3E9791B620DB47AD0092F244 /* SwiftBaseDataCode.swift */ = {isa = PBXFileReference; fileEncoding = 4; lastKnownFileType = sourcecode.swift; path = SwiftBaseDataCode.swift; sourceTree = "<group>"; };
		3E9791B720DB47AD0092F244 /* CETCSwiftCollectionViewVC.swift */ = {isa = PBXFileReference; fileEncoding = 4; lastKnownFileType = sourcecode.swift; path = CETCSwiftCollectionViewVC.swift; sourceTree = "<group>"; };
		3E9791B820DB47AD0092F244 /* CETCSwiftTableviewVC.swift */ = {isa = PBXFileReference; fileEncoding = 4; lastKnownFileType = sourcecode.swift; path = CETCSwiftTableviewVC.swift; sourceTree = "<group>"; };
		3E9791C720DB4E4C0092F244 /* ESPullToRefreshExample.xcodeproj */ = {isa = PBXFileReference; lastKnownFileType = "wrapper.pb-project"; name = ESPullToRefreshExample.xcodeproj; path = "pull-to-refresh-master/ESPullToRefreshExample/ESPullToRefreshExample.xcodeproj"; sourceTree = "<group>"; };
		3E9791D220DB53410092F244 /* SwiftProgressHUD.swift */ = {isa = PBXFileReference; fileEncoding = 4; lastKnownFileType = sourcecode.swift; path = SwiftProgressHUD.swift; sourceTree = "<group>"; };
		3E9791D420DB71740092F244 /* UserModel.swift */ = {isa = PBXFileReference; lastKnownFileType = sourcecode.swift; path = UserModel.swift; sourceTree = "<group>"; };
		3E9791F920DB76390092F244 /* swift-Refresh.png */ = {isa = PBXFileReference; lastKnownFileType = image.png; path = "swift-Refresh.png"; sourceTree = "<group>"; };
		3EC5B2CC20DBA03B00F000BD /* launch.png */ = {isa = PBXFileReference; lastKnownFileType = image.png; path = launch.png; sourceTree = "<group>"; };
/* End PBXFileReference section */

/* Begin PBXFrameworksBuildPhase section */
		3E097E1420D9FEEA009201A9 /* Frameworks */ = {
			isa = PBXFrameworksBuildPhase;
			buildActionMask = 2147483647;
			files = (
				3E9791D020DB4E5A0092F244 /* ESPullToRefresh.framework in Frameworks */,
				3E9791A620DB3CEB0092F244 /* AlamofireImage.framework in Frameworks */,
				3E97918120DB38C50092F244 /* SwiftyJSON.framework in Frameworks */,
				3E09805D20DA47A0009201A9 /* Alamofire.framework in Frameworks */,
			);
			runOnlyForDeploymentPostprocessing = 0;
		};
/* End PBXFrameworksBuildPhase section */

/* Begin PBXGroup section */
		3E097E0E20D9FEEA009201A9 = {
			isa = PBXGroup;
			children = (
				3E097E1920D9FEEA009201A9 /* SwiftStudy */,
				3E097E1820D9FEEA009201A9 /* Products */,
				3E09805C20DA47A0009201A9 /* Frameworks */,
			);
			sourceTree = "<group>";
		};
		3E097E1820D9FEEA009201A9 /* Products */ = {
			isa = PBXGroup;
			children = (
				3E097E1720D9FEEA009201A9 /* SwiftStudy.app */,
			);
			name = Products;
			sourceTree = "<group>";
		};
		3E097E1920D9FEEA009201A9 /* SwiftStudy */ = {
			isa = PBXGroup;
			children = (
				3E097E1A20D9FEEA009201A9 /* AppDelegate.swift */,
				3E09802820DA3F75009201A9 /* ReadMe */,
				3E9791A820DB44E50092F244 /* Bridging-Header.h */,
				3E9791F920DB76390092F244 /* swift-Refresh.png */,
				3E09800F20DA2699009201A9 /* ViewController */,
				3E097E3C20D9FF78009201A9 /* ModelFiles */,
				3E09805E20DA4A4C009201A9 /* ToolFiles */,
				3E097F4420D9FF79009201A9 /* CustomView */,
				3E097F3E20D9FF79009201A9 /* NetWork */,
				3E097F3F20D9FF79009201A9 /* Units */,
				3E097E3E20D9FF78009201A9 /* Sources */,
				3E097E4320D9FF79009201A9 /* ThirdFrameworks */,
				3E097E1E20D9FEEA009201A9 /* Main.storyboard */,
				3E097E2120D9FEED009201A9 /* Assets.xcassets */,
				3E097E2320D9FEED009201A9 /* LaunchScreen.storyboard */,
				3E097E2620D9FEED009201A9 /* Info.plist */,
			);
			path = SwiftStudy;
			sourceTree = "<group>";
		};
		3E097E3C20D9FF78009201A9 /* ModelFiles */ = {
			isa = PBXGroup;
			children = (
				3E097E3D20D9FF78009201A9 /* JsonTest2Model.swift */,
				3E9791AD20DB477E0092F244 /* LearnPlanModel.swift */,
				3E9791D420DB71740092F244 /* UserModel.swift */,
			);
			path = ModelFiles;
			sourceTree = "<group>";
		};
		3E097E3E20D9FF78009201A9 /* Sources */ = {
			isa = PBXGroup;
			children = (
				3E097E3F20D9FF78009201A9 /* Images */,
				3E097E4120D9FF78009201A9 /* jsonTest.json */,
				3EC5B2CC20DBA03B00F000BD /* launch.png */,
				3E097E4220D9FF78009201A9 /* jsonTest2.json */,
			);
			path = Sources;
			sourceTree = "<group>";
		};
		3E097E3F20D9FF78009201A9 /* Images */ = {
			isa = PBXGroup;
			children = (
				3E097E4020D9FF78009201A9 /* 1242x2208@3x.png */,
			);
			path = Images;
			sourceTree = "<group>";
		};
		3E097E4320D9FF79009201A9 /* ThirdFrameworks */ = {
			isa = PBXGroup;
			children = (
				3E9791D120DB53410092F244 /* SwiftProgressHUD */,
				3E9791C720DB4E4C0092F244 /* ESPullToRefreshExample.xcodeproj */,
				3E97918C20DB3CD70092F244 /* AlamofireImage.xcodeproj */,
				3E97916820DB38B80092F244 /* SwiftyJSON.xcodeproj */,
				3E09804320DA4798009201A9 /* Alamofire.xcodeproj */,
			);
			path = ThirdFrameworks;
			sourceTree = "<group>";
		};
		3E097F3E20D9FF79009201A9 /* NetWork */ = {
			isa = PBXGroup;
			children = (
				3E9791AA20DB47690092F244 /* CETCSwiftInterface.swift */,
				3E9791A920DB47690092F244 /* CETCSwiftNetWork.swift */,
			);
			path = NetWork;
			sourceTree = "<group>";
		};
		3E097F3F20D9FF79009201A9 /* Units */ = {
			isa = PBXGroup;
			children = (
				3E097F4020D9FF79009201A9 /* ColorConst.swift */,
				3E097F4120D9FF79009201A9 /* ExtentionUIView.swift */,
				3E097F4220D9FF79009201A9 /* FontSizeConst.swift */,
				3E097F4320D9FF79009201A9 /* GlobalConst.swift */,
				3E97918320DB39EE0092F244 /* Base64Encode.swift */,
				3E97918520DB39F00092F244 /* ExtensionFile.swift */,
				3E97918420DB39F00092F244 /* StringMd5.swift */,
				3E97918220DB39EC0092F244 /* UIAlertExtension.swift */,
				3E97918A20DB39FE0092F244 /* Swift_pch.swift */,
			);
			path = Units;
			sourceTree = "<group>";
		};
		3E097F4420D9FF79009201A9 /* CustomView */ = {
			isa = PBXGroup;
			children = (
				3E097F4520D9FF79009201A9 /* ImageTextFiledView.swift */,
			);
			path = CustomView;
			sourceTree = "<group>";
		};
		3E09800F20DA2699009201A9 /* ViewController */ = {
			isa = PBXGroup;
			children = (
				3E0DE8D220DCD3A5007D7021 /* TestFiles */,
				3E09801020DA2699009201A9 /* AgreementViewController.swift */,
				3E09801220DA2699009201A9 /* ForgetViewController.swift */,
				3E09801320DA2699009201A9 /* LoginBgImageVC.swift */,
				3E09801420DA2699009201A9 /* LoginViewController.swift */,
				3E9791B820DB47AD0092F244 /* CETCSwiftTableviewVC.swift */,
				3E9791B120DB47AD0092F244 /* CETCLearnPlanVC.swift */,
				3E09801520DA2699009201A9 /* ParseFile.swift */,
				3E09801620DA2699009201A9 /* RegisterForgetView.swift */,
				3E09801720DA2699009201A9 /* RegisterViewController.swift */,
				3E9791AF20DB47AD0092F244 /* CETCLearnPlanCell.swift */,
				3E9791B220DB47AD0092F244 /* CETCLearnPlanCell.xib */,
				3E9791B720DB47AD0092F244 /* CETCSwiftCollectionViewVC.swift */,
				3E9791B420DB47AD0092F244 /* CETCSwiftFourLearVC.swift */,
				3E9791B320DB47AD0092F244 /* CETCUploadImagesVC.swift */,
				3E9791B520DB47AD0092F244 /* CETCUploadImagesVC.xib */,
				3E9791B620DB47AD0092F244 /* SwiftBaseDataCode.swift */,
			);
			path = ViewController;
			sourceTree = "<group>";
		};
		3E09804420DA4798009201A9 /* Products */ = {
			isa = PBXGroup;
			children = (
				3E09804F20DA4798009201A9 /* Alamofire.framework */,
				3E09805120DA4798009201A9 /* Alamofire iOS Tests.xctest */,
				3E09805320DA4798009201A9 /* Alamofire.framework */,
				3E09805520DA4798009201A9 /* Alamofire macOS Tests.xctest */,
				3E09805720DA4798009201A9 /* Alamofire.framework */,
				3E09805920DA4798009201A9 /* Alamofire tvOS Tests.xctest */,
				3E09805B20DA4798009201A9 /* Alamofire.framework */,
			);
			name = Products;
			sourceTree = "<group>";
		};
		3E09805C20DA47A0009201A9 /* Frameworks */ = {
			isa = PBXGroup;
			children = (
			);
			name = Frameworks;
			sourceTree = "<group>";
		};
		3E09805E20DA4A4C009201A9 /* ToolFiles */ = {
			isa = PBXGroup;
			children = (
				3E09805F20DA4A4C009201A9 /* CETCSwiftAlertVC.swift */,
				3E09806020DA4A4C009201A9 /* CETCSwiftBaseVC.swift */,
			);
			path = ToolFiles;
			sourceTree = "<group>";
		};
		3E0DE8D220DCD3A5007D7021 /* TestFiles */ = {
			isa = PBXGroup;
			children = (
				3E0DE8D320DCD3A5007D7021 /* ArrayDicSetTest.swift */,
				3E0DE8D420DCD3A5007D7021 /* CETCSwiftTestVC.swift */,
				3E0DE8D520DCD3A5007D7021 /* TestAView.swift */,
				3E0DE8D620DCD3A5007D7021 /* TestObj.swift */,
				3E0DE8D720DCD3A5007D7021 /* TestViewController.swift */,
				3E0DE8D820DCD3A5007D7021 /* TestViewController.xib */,
			);
			path = TestFiles;
			sourceTree = "<group>";
		};
		3E97916920DB38B80092F244 /* Products */ = {
			isa = PBXGroup;
			children = (
				3E97917420DB38B80092F244 /* SwiftyJSON.framework */,
				3E97917620DB38B80092F244 /* SwiftyJSON iOS Tests.xctest */,
				3E97917820DB38B80092F244 /* SwiftyJSON.framework */,
				3E97917A20DB38B80092F244 /* SwiftyJSON macOS Tests.xctest */,
				3E97917C20DB38B80092F244 /* SwiftyJSON.framework */,
				3E97917E20DB38B80092F244 /* SwiftyJSON.framework */,
				3E97918020DB38B80092F244 /* SwiftyJSON tvOS Tests.xctest */,
			);
			name = Products;
			sourceTree = "<group>";
		};
		3E97918D20DB3CD70092F244 /* Products */ = {
			isa = PBXGroup;
			children = (
				3E97919920DB3CD70092F244 /* AlamofireImage.framework */,
				3E97919B20DB3CD70092F244 /* AlamofireImage iOS Tests.xctest */,
				3E97919D20DB3CD70092F244 /* AlamofireImage.framework */,
				3E97919F20DB3CD70092F244 /* AlamofireImage macOS Tests.xctest */,
				3E9791A120DB3CD70092F244 /* AlamofireImage.framework */,
				3E9791A320DB3CD70092F244 /* AlamofireImage tvOS Tests.xctest */,
				3E9791A520DB3CD70092F244 /* AlamofireImage.framework */,
			);
			name = Products;
			sourceTree = "<group>";
		};
		3E9791C820DB4E4C0092F244 /* Products */ = {
			isa = PBXGroup;
			children = (
				3E9791CD20DB4E4C0092F244 /* Example.app */,
				3E9791CF20DB4E4C0092F244 /* ESPullToRefresh.framework */,
			);
			name = Products;
			sourceTree = "<group>";
		};
		3E9791D120DB53410092F244 /* SwiftProgressHUD */ = {
			isa = PBXGroup;
			children = (
				3E9791D220DB53410092F244 /* SwiftProgressHUD.swift */,
			);
			path = SwiftProgressHUD;
			sourceTree = "<group>";
		};
/* End PBXGroup section */

/* Begin PBXNativeTarget section */
		3E097E1620D9FEEA009201A9 /* SwiftStudy */ = {
			isa = PBXNativeTarget;
			buildConfigurationList = 3E097E2920D9FEED009201A9 /* Build configuration list for PBXNativeTarget "SwiftStudy" */;
			buildPhases = (
				3E097E1320D9FEEA009201A9 /* Sources */,
				3E097E1420D9FEEA009201A9 /* Frameworks */,
				3E097E1520D9FEEA009201A9 /* Resources */,
			);
			buildRules = (
			);
			dependencies = (
			);
			name = SwiftStudy;
			productName = SwiftStudy;
			productReference = 3E097E1720D9FEEA009201A9 /* SwiftStudy.app */;
			productType = "com.apple.product-type.application";
		};
/* End PBXNativeTarget section */

/* Begin PBXProject section */
		3E097E0F20D9FEEA009201A9 /* Project object */ = {
			isa = PBXProject;
			attributes = {
				LastSwiftUpdateCheck = 0930;
				LastUpgradeCheck = 0930;
				ORGANIZATIONNAME = gao;
				TargetAttributes = {
					3E097E1620D9FEEA009201A9 = {
						CreatedOnToolsVersion = 9.3;
					};
				};
			};
			buildConfigurationList = 3E097E1220D9FEEA009201A9 /* Build configuration list for PBXProject "SwiftStudy" */;
			compatibilityVersion = "Xcode 9.3";
			developmentRegion = en;
			hasScannedForEncodings = 0;
			knownRegions = (
				en,
				Base,
			);
			mainGroup = 3E097E0E20D9FEEA009201A9;
			productRefGroup = 3E097E1820D9FEEA009201A9 /* Products */;
			projectDirPath = "";
			projectReferences = (
				{
					ProductGroup = 3E09804420DA4798009201A9 /* Products */;
					ProjectRef = 3E09804320DA4798009201A9 /* Alamofire.xcodeproj */;
				},
				{
					ProductGroup = 3E97918D20DB3CD70092F244 /* Products */;
					ProjectRef = 3E97918C20DB3CD70092F244 /* AlamofireImage.xcodeproj */;
				},
				{
					ProductGroup = 3E9791C820DB4E4C0092F244 /* Products */;
					ProjectRef = 3E9791C720DB4E4C0092F244 /* ESPullToRefreshExample.xcodeproj */;
				},
				{
					ProductGroup = 3E97916920DB38B80092F244 /* Products */;
					ProjectRef = 3E97916820DB38B80092F244 /* SwiftyJSON.xcodeproj */;
				},
			);
			projectRoot = "";
			targets = (
				3E097E1620D9FEEA009201A9 /* SwiftStudy */,
			);
		};
/* End PBXProject section */

/* Begin PBXReferenceProxy section */
		3E09804F20DA4798009201A9 /* Alamofire.framework */ = {
			isa = PBXReferenceProxy;
			fileType = wrapper.framework;
			path = Alamofire.framework;
			remoteRef = 3E09804E20DA4798009201A9 /* PBXContainerItemProxy */;
			sourceTree = BUILT_PRODUCTS_DIR;
		};
		3E09805120DA4798009201A9 /* Alamofire iOS Tests.xctest */ = {
			isa = PBXReferenceProxy;
			fileType = wrapper.cfbundle;
			path = "Alamofire iOS Tests.xctest";
			remoteRef = 3E09805020DA4798009201A9 /* PBXContainerItemProxy */;
			sourceTree = BUILT_PRODUCTS_DIR;
		};
		3E09805320DA4798009201A9 /* Alamofire.framework */ = {
			isa = PBXReferenceProxy;
			fileType = wrapper.framework;
			path = Alamofire.framework;
			remoteRef = 3E09805220DA4798009201A9 /* PBXContainerItemProxy */;
			sourceTree = BUILT_PRODUCTS_DIR;
		};
		3E09805520DA4798009201A9 /* Alamofire macOS Tests.xctest */ = {
			isa = PBXReferenceProxy;
			fileType = wrapper.cfbundle;
			path = "Alamofire macOS Tests.xctest";
			remoteRef = 3E09805420DA4798009201A9 /* PBXContainerItemProxy */;
			sourceTree = BUILT_PRODUCTS_DIR;
		};
		3E09805720DA4798009201A9 /* Alamofire.framework */ = {
			isa = PBXReferenceProxy;
			fileType = wrapper.framework;
			path = Alamofire.framework;
			remoteRef = 3E09805620DA4798009201A9 /* PBXContainerItemProxy */;
			sourceTree = BUILT_PRODUCTS_DIR;
		};
		3E09805920DA4798009201A9 /* Alamofire tvOS Tests.xctest */ = {
			isa = PBXReferenceProxy;
			fileType = wrapper.cfbundle;
			path = "Alamofire tvOS Tests.xctest";
			remoteRef = 3E09805820DA4798009201A9 /* PBXContainerItemProxy */;
			sourceTree = BUILT_PRODUCTS_DIR;
		};
		3E09805B20DA4798009201A9 /* Alamofire.framework */ = {
			isa = PBXReferenceProxy;
			fileType = wrapper.framework;
			path = Alamofire.framework;
			remoteRef = 3E09805A20DA4798009201A9 /* PBXContainerItemProxy */;
			sourceTree = BUILT_PRODUCTS_DIR;
		};
		3E97917420DB38B80092F244 /* SwiftyJSON.framework */ = {
			isa = PBXReferenceProxy;
			fileType = wrapper.framework;
			path = SwiftyJSON.framework;
			remoteRef = 3E97917320DB38B80092F244 /* PBXContainerItemProxy */;
			sourceTree = BUILT_PRODUCTS_DIR;
		};
		3E97917620DB38B80092F244 /* SwiftyJSON iOS Tests.xctest */ = {
			isa = PBXReferenceProxy;
			fileType = wrapper.cfbundle;
			path = "SwiftyJSON iOS Tests.xctest";
			remoteRef = 3E97917520DB38B80092F244 /* PBXContainerItemProxy */;
			sourceTree = BUILT_PRODUCTS_DIR;
		};
		3E97917820DB38B80092F244 /* SwiftyJSON.framework */ = {
			isa = PBXReferenceProxy;
			fileType = wrapper.framework;
			path = SwiftyJSON.framework;
			remoteRef = 3E97917720DB38B80092F244 /* PBXContainerItemProxy */;
			sourceTree = BUILT_PRODUCTS_DIR;
		};
		3E97917A20DB38B80092F244 /* SwiftyJSON macOS Tests.xctest */ = {
			isa = PBXReferenceProxy;
			fileType = wrapper.cfbundle;
			path = "SwiftyJSON macOS Tests.xctest";
			remoteRef = 3E97917920DB38B80092F244 /* PBXContainerItemProxy */;
			sourceTree = BUILT_PRODUCTS_DIR;
		};
		3E97917C20DB38B80092F244 /* SwiftyJSON.framework */ = {
			isa = PBXReferenceProxy;
			fileType = wrapper.framework;
			path = SwiftyJSON.framework;
			remoteRef = 3E97917B20DB38B80092F244 /* PBXContainerItemProxy */;
			sourceTree = BUILT_PRODUCTS_DIR;
		};
		3E97917E20DB38B80092F244 /* SwiftyJSON.framework */ = {
			isa = PBXReferenceProxy;
			fileType = wrapper.framework;
			path = SwiftyJSON.framework;
			remoteRef = 3E97917D20DB38B80092F244 /* PBXContainerItemProxy */;
			sourceTree = BUILT_PRODUCTS_DIR;
		};
		3E97918020DB38B80092F244 /* SwiftyJSON tvOS Tests.xctest */ = {
			isa = PBXReferenceProxy;
			fileType = wrapper.cfbundle;
			path = "SwiftyJSON tvOS Tests.xctest";
			remoteRef = 3E97917F20DB38B80092F244 /* PBXContainerItemProxy */;
			sourceTree = BUILT_PRODUCTS_DIR;
		};
		3E97919920DB3CD70092F244 /* AlamofireImage.framework */ = {
			isa = PBXReferenceProxy;
			fileType = wrapper.framework;
			path = AlamofireImage.framework;
			remoteRef = 3E97919820DB3CD70092F244 /* PBXContainerItemProxy */;
			sourceTree = BUILT_PRODUCTS_DIR;
		};
		3E97919B20DB3CD70092F244 /* AlamofireImage iOS Tests.xctest */ = {
			isa = PBXReferenceProxy;
			fileType = wrapper.cfbundle;
			path = "AlamofireImage iOS Tests.xctest";
			remoteRef = 3E97919A20DB3CD70092F244 /* PBXContainerItemProxy */;
			sourceTree = BUILT_PRODUCTS_DIR;
		};
		3E97919D20DB3CD70092F244 /* AlamofireImage.framework */ = {
			isa = PBXReferenceProxy;
			fileType = wrapper.framework;
			path = AlamofireImage.framework;
			remoteRef = 3E97919C20DB3CD70092F244 /* PBXContainerItemProxy */;
			sourceTree = BUILT_PRODUCTS_DIR;
		};
		3E97919F20DB3CD70092F244 /* AlamofireImage macOS Tests.xctest */ = {
			isa = PBXReferenceProxy;
			fileType = wrapper.cfbundle;
			path = "AlamofireImage macOS Tests.xctest";
			remoteRef = 3E97919E20DB3CD70092F244 /* PBXContainerItemProxy */;
			sourceTree = BUILT_PRODUCTS_DIR;
		};
		3E9791A120DB3CD70092F244 /* AlamofireImage.framework */ = {
			isa = PBXReferenceProxy;
			fileType = wrapper.framework;
			path = AlamofireImage.framework;
			remoteRef = 3E9791A020DB3CD70092F244 /* PBXContainerItemProxy */;
			sourceTree = BUILT_PRODUCTS_DIR;
		};
		3E9791A320DB3CD70092F244 /* AlamofireImage tvOS Tests.xctest */ = {
			isa = PBXReferenceProxy;
			fileType = wrapper.cfbundle;
			path = "AlamofireImage tvOS Tests.xctest";
			remoteRef = 3E9791A220DB3CD70092F244 /* PBXContainerItemProxy */;
			sourceTree = BUILT_PRODUCTS_DIR;
		};
		3E9791A520DB3CD70092F244 /* AlamofireImage.framework */ = {
			isa = PBXReferenceProxy;
			fileType = wrapper.framework;
			path = AlamofireImage.framework;
			remoteRef = 3E9791A420DB3CD70092F244 /* PBXContainerItemProxy */;
			sourceTree = BUILT_PRODUCTS_DIR;
		};
		3E9791CD20DB4E4C0092F244 /* Example.app */ = {
			isa = PBXReferenceProxy;
			fileType = wrapper.application;
			path = Example.app;
			remoteRef = 3E9791CC20DB4E4C0092F244 /* PBXContainerItemProxy */;
			sourceTree = BUILT_PRODUCTS_DIR;
		};
		3E9791CF20DB4E4C0092F244 /* ESPullToRefresh.framework */ = {
			isa = PBXReferenceProxy;
			fileType = wrapper.framework;
			path = ESPullToRefresh.framework;
			remoteRef = 3E9791CE20DB4E4C0092F244 /* PBXContainerItemProxy */;
			sourceTree = BUILT_PRODUCTS_DIR;
		};
/* End PBXReferenceProxy section */

/* Begin PBXResourcesBuildPhase section */
		3E097E1520D9FEEA009201A9 /* Resources */ = {
			isa = PBXResourcesBuildPhase;
			buildActionMask = 2147483647;
			files = (
				3EC5B2E720DBA03C00F000BD /* launch.png in Resources */,
				3E097F5320D9FF7A009201A9 /* 1242x2208@3x.png in Resources */,
				3E9791FA20DB76390092F244 /* swift-Refresh.png in Resources */,
				3E097F5420D9FF7A009201A9 /* jsonTest.json in Resources */,
				3E0DE8DE20DCD3A5007D7021 /* TestViewController.xib in Resources */,
				3E9791BC20DB47AD0092F244 /* CETCLearnPlanCell.xib in Resources */,
				3E097E2520D9FEED009201A9 /* LaunchScreen.storyboard in Resources */,
				3E097F5520D9FF7A009201A9 /* jsonTest2.json in Resources */,
				3E09802920DA3F75009201A9 /* ReadMe in Resources */,
				3E097E2220D9FEED009201A9 /* Assets.xcassets in Resources */,
				3E9791BF20DB47AE0092F244 /* CETCUploadImagesVC.xib in Resources */,
				3E097E2020D9FEEA009201A9 /* Main.storyboard in Resources */,
			);
			runOnlyForDeploymentPostprocessing = 0;
		};
/* End PBXResourcesBuildPhase section */

/* Begin PBXSourcesBuildPhase section */
		3E097E1320D9FEEA009201A9 /* Sources */ = {
			isa = PBXSourcesBuildPhase;
			buildActionMask = 2147483647;
			files = (
				3E09800E20D9FF7A009201A9 /* ImageTextFiledView.swift in Sources */,
				3E9791C120DB47AE0092F244 /* CETCSwiftCollectionViewVC.swift in Sources */,
				3E09801F20DA269A009201A9 /* LoginBgImageVC.swift in Sources */,
				3E9791D320DB53410092F244 /* SwiftProgressHUD.swift in Sources */,
				3E97918620DB39F00092F244 /* UIAlertExtension.swift in Sources */,
				3E09801E20DA269A009201A9 /* ForgetViewController.swift in Sources */,
				3E9791BE20DB47AD0092F244 /* CETCSwiftFourLearVC.swift in Sources */,
				3E9791BB20DB47AD0092F244 /* CETCLearnPlanVC.swift in Sources */,
				3E09802220DA269A009201A9 /* RegisterForgetView.swift in Sources */,
				3E9791AE20DB477E0092F244 /* LearnPlanModel.swift in Sources */,
				3E0DE8DD20DCD3A5007D7021 /* TestViewController.swift in Sources */,
				3E9791BD20DB47AD0092F244 /* CETCUploadImagesVC.swift in Sources */,
				3E09800D20D9FF7A009201A9 /* GlobalConst.swift in Sources */,
				3E09806320DA4A4E009201A9 /* CETCSwiftAlertVC.swift in Sources */,
				3E09800B20D9FF7A009201A9 /* ExtentionUIView.swift in Sources */,
				3E97918720DB39F00092F244 /* Base64Encode.swift in Sources */,
				3E97918920DB39F00092F244 /* ExtensionFile.swift in Sources */,
				3E097E1B20D9FEEA009201A9 /* AppDelegate.swift in Sources */,
				3E09800A20D9FF7A009201A9 /* ColorConst.swift in Sources */,
				3E09802120DA269A009201A9 /* ParseFile.swift in Sources */,
				3E9791C220DB47AE0092F244 /* CETCSwiftTableviewVC.swift in Sources */,
				3E9791B920DB47AD0092F244 /* CETCLearnPlanCell.swift in Sources */,
				3E09802320DA269A009201A9 /* RegisterViewController.swift in Sources */,
				3E0DE8D920DCD3A5007D7021 /* ArrayDicSetTest.swift in Sources */,
				3E9791AB20DB47690092F244 /* CETCSwiftNetWork.swift in Sources */,
				3E09801C20DA269A009201A9 /* AgreementViewController.swift in Sources */,
				3E0DE8DB20DCD3A5007D7021 /* TestAView.swift in Sources */,
				3E09800C20D9FF7A009201A9 /* FontSizeConst.swift in Sources */,
				3E09802020DA269A009201A9 /* LoginViewController.swift in Sources */,
				3E097F5220D9FF7A009201A9 /* JsonTest2Model.swift in Sources */,
				3E9791D520DB71740092F244 /* UserModel.swift in Sources */,
				3E97918820DB39F00092F244 /* StringMd5.swift in Sources */,
				3E9791AC20DB47690092F244 /* CETCSwiftInterface.swift in Sources */,
				3E97918B20DB39FF0092F244 /* Swift_pch.swift in Sources */,
				3E09806420DA4A4E009201A9 /* CETCSwiftBaseVC.swift in Sources */,
				3E0DE8DA20DCD3A5007D7021 /* CETCSwiftTestVC.swift in Sources */,
				3E9791C020DB47AE0092F244 /* SwiftBaseDataCode.swift in Sources */,
				3E0DE8DC20DCD3A5007D7021 /* TestObj.swift in Sources */,
			);
			runOnlyForDeploymentPostprocessing = 0;
		};
/* End PBXSourcesBuildPhase section */

/* Begin PBXVariantGroup section */
		3E097E1E20D9FEEA009201A9 /* Main.storyboard */ = {
			isa = PBXVariantGroup;
			children = (
				3E097E1F20D9FEEA009201A9 /* Base */,
			);
			name = Main.storyboard;
			sourceTree = "<group>";
		};
		3E097E2320D9FEED009201A9 /* LaunchScreen.storyboard */ = {
			isa = PBXVariantGroup;
			children = (
				3E097E2420D9FEED009201A9 /* Base */,
			);
			name = LaunchScreen.storyboard;
			sourceTree = "<group>";
		};
/* End PBXVariantGroup section */

/* Begin XCBuildConfiguration section */
		3E097E2720D9FEED009201A9 /* Debug */ = {
			isa = XCBuildConfiguration;
			buildSettings = {
				ALWAYS_SEARCH_USER_PATHS = NO;
				CLANG_ANALYZER_NONNULL = YES;
				CLANG_ANALYZER_NUMBER_OBJECT_CONVERSION = YES_AGGRESSIVE;
				CLANG_CXX_LANGUAGE_STANDARD = "gnu++14";
				CLANG_CXX_LIBRARY = "libc++";
				CLANG_ENABLE_MODULES = YES;
				CLANG_ENABLE_OBJC_ARC = YES;
				CLANG_ENABLE_OBJC_WEAK = YES;
				CLANG_WARN_BLOCK_CAPTURE_AUTORELEASING = YES;
				CLANG_WARN_BOOL_CONVERSION = YES;
				CLANG_WARN_COMMA = YES;
				CLANG_WARN_CONSTANT_CONVERSION = YES;
				CLANG_WARN_DEPRECATED_OBJC_IMPLEMENTATIONS = YES;
				CLANG_WARN_DIRECT_OBJC_ISA_USAGE = YES_ERROR;
				CLANG_WARN_DOCUMENTATION_COMMENTS = YES;
				CLANG_WARN_EMPTY_BODY = YES;
				CLANG_WARN_ENUM_CONVERSION = YES;
				CLANG_WARN_INFINITE_RECURSION = YES;
				CLANG_WARN_INT_CONVERSION = YES;
				CLANG_WARN_NON_LITERAL_NULL_CONVERSION = YES;
				CLANG_WARN_OBJC_IMPLICIT_RETAIN_SELF = YES;
				CLANG_WARN_OBJC_LITERAL_CONVERSION = YES;
				CLANG_WARN_OBJC_ROOT_CLASS = YES_ERROR;
				CLANG_WARN_RANGE_LOOP_ANALYSIS = YES;
				CLANG_WARN_STRICT_PROTOTYPES = YES;
				CLANG_WARN_SUSPICIOUS_MOVE = YES;
				CLANG_WARN_UNGUARDED_AVAILABILITY = YES_AGGRESSIVE;
				CLANG_WARN_UNREACHABLE_CODE = YES;
				CLANG_WARN__DUPLICATE_METHOD_MATCH = YES;
				CODE_SIGN_IDENTITY = "iPhone Developer";
				COPY_PHASE_STRIP = NO;
				DEBUG_INFORMATION_FORMAT = dwarf;
				ENABLE_STRICT_OBJC_MSGSEND = YES;
				ENABLE_TESTABILITY = YES;
				GCC_C_LANGUAGE_STANDARD = gnu11;
				GCC_DYNAMIC_NO_PIC = NO;
				GCC_NO_COMMON_BLOCKS = YES;
				GCC_OPTIMIZATION_LEVEL = 0;
				GCC_PREPROCESSOR_DEFINITIONS = (
					"DEBUG=1",
					"$(inherited)",
				);
				GCC_WARN_64_TO_32_BIT_CONVERSION = YES;
				GCC_WARN_ABOUT_RETURN_TYPE = YES_ERROR;
				GCC_WARN_UNDECLARED_SELECTOR = YES;
				GCC_WARN_UNINITIALIZED_AUTOS = YES_AGGRESSIVE;
				GCC_WARN_UNUSED_FUNCTION = YES;
				GCC_WARN_UNUSED_VARIABLE = YES;
				IPHONEOS_DEPLOYMENT_TARGET = 11.3;
				MTL_ENABLE_DEBUG_INFO = YES;
				ONLY_ACTIVE_ARCH = YES;
				SDKROOT = iphoneos;
				SWIFT_ACTIVE_COMPILATION_CONDITIONS = DEBUG;
				SWIFT_OPTIMIZATION_LEVEL = "-Onone";
			};
			name = Debug;
		};
		3E097E2820D9FEED009201A9 /* Release */ = {
			isa = XCBuildConfiguration;
			buildSettings = {
				ALWAYS_SEARCH_USER_PATHS = NO;
				CLANG_ANALYZER_NONNULL = YES;
				CLANG_ANALYZER_NUMBER_OBJECT_CONVERSION = YES_AGGRESSIVE;
				CLANG_CXX_LANGUAGE_STANDARD = "gnu++14";
				CLANG_CXX_LIBRARY = "libc++";
				CLANG_ENABLE_MODULES = YES;
				CLANG_ENABLE_OBJC_ARC = YES;
				CLANG_ENABLE_OBJC_WEAK = YES;
				CLANG_WARN_BLOCK_CAPTURE_AUTORELEASING = YES;
				CLANG_WARN_BOOL_CONVERSION = YES;
				CLANG_WARN_COMMA = YES;
				CLANG_WARN_CONSTANT_CONVERSION = YES;
				CLANG_WARN_DEPRECATED_OBJC_IMPLEMENTATIONS = YES;
				CLANG_WARN_DIRECT_OBJC_ISA_USAGE = YES_ERROR;
				CLANG_WARN_DOCUMENTATION_COMMENTS = YES;
				CLANG_WARN_EMPTY_BODY = YES;
				CLANG_WARN_ENUM_CONVERSION = YES;
				CLANG_WARN_INFINITE_RECURSION = YES;
				CLANG_WARN_INT_CONVERSION = YES;
				CLANG_WARN_NON_LITERAL_NULL_CONVERSION = YES;
				CLANG_WARN_OBJC_IMPLICIT_RETAIN_SELF = YES;
				CLANG_WARN_OBJC_LITERAL_CONVERSION = YES;
				CLANG_WARN_OBJC_ROOT_CLASS = YES_ERROR;
				CLANG_WARN_RANGE_LOOP_ANALYSIS = YES;
				CLANG_WARN_STRICT_PROTOTYPES = YES;
				CLANG_WARN_SUSPICIOUS_MOVE = YES;
				CLANG_WARN_UNGUARDED_AVAILABILITY = YES_AGGRESSIVE;
				CLANG_WARN_UNREACHABLE_CODE = YES;
				CLANG_WARN__DUPLICATE_METHOD_MATCH = YES;
				CODE_SIGN_IDENTITY = "iPhone Developer";
				COPY_PHASE_STRIP = NO;
				DEBUG_INFORMATION_FORMAT = "dwarf-with-dsym";
				ENABLE_NS_ASSERTIONS = NO;
				ENABLE_STRICT_OBJC_MSGSEND = YES;
				GCC_C_LANGUAGE_STANDARD = gnu11;
				GCC_NO_COMMON_BLOCKS = YES;
				GCC_WARN_64_TO_32_BIT_CONVERSION = YES;
				GCC_WARN_ABOUT_RETURN_TYPE = YES_ERROR;
				GCC_WARN_UNDECLARED_SELECTOR = YES;
				GCC_WARN_UNINITIALIZED_AUTOS = YES_AGGRESSIVE;
				GCC_WARN_UNUSED_FUNCTION = YES;
				GCC_WARN_UNUSED_VARIABLE = YES;
				IPHONEOS_DEPLOYMENT_TARGET = 11.3;
				MTL_ENABLE_DEBUG_INFO = NO;
				SDKROOT = iphoneos;
				SWIFT_COMPILATION_MODE = wholemodule;
				SWIFT_OPTIMIZATION_LEVEL = "-O";
				VALIDATE_PRODUCT = YES;
			};
			name = Release;
		};
		3E097E2A20D9FEED009201A9 /* Debug */ = {
			isa = XCBuildConfiguration;
			buildSettings = {
				ASSETCATALOG_COMPILER_APPICON_NAME = AppIcon;
				ASSETCATALOG_COMPILER_LAUNCHIMAGE_NAME = LaunchImage;
				CODE_SIGN_STYLE = Automatic;
				COMPRESS_PNG_FILES = NO;
				INFOPLIST_FILE = SwiftStudy/Info.plist;
				LD_RUNPATH_SEARCH_PATHS = (
					"$(inherited)",
					"@executable_path/Frameworks",
				);
				PRODUCT_BUNDLE_IDENTIFIER = gao.SwiftStudy;
				PRODUCT_NAME = "$(TARGET_NAME)";
				SWIFT_OBJC_BRIDGING_HEADER = "$(SRCROOT)/SwiftStudy/Bridging-Header.h";
				SWIFT_VERSION = 4.0;
				TARGETED_DEVICE_FAMILY = "1,2";
			};
			name = Debug;
		};
		3E097E2B20D9FEED009201A9 /* Release */ = {
			isa = XCBuildConfiguration;
			buildSettings = {
				ASSETCATALOG_COMPILER_APPICON_NAME = AppIcon;
				ASSETCATALOG_COMPILER_LAUNCHIMAGE_NAME = LaunchImage;
				CODE_SIGN_STYLE = Automatic;
				COMPRESS_PNG_FILES = NO;
				INFOPLIST_FILE = SwiftStudy/Info.plist;
				LD_RUNPATH_SEARCH_PATHS = (
					"$(inherited)",
					"@executable_path/Frameworks",
				);
				PRODUCT_BUNDLE_IDENTIFIER = gao.SwiftStudy;
				PRODUCT_NAME = "$(TARGET_NAME)";
				SWIFT_OBJC_BRIDGING_HEADER = "$(SRCROOT)/SwiftStudy/Bridging-Header.h";
				SWIFT_VERSION = 4.0;
				TARGETED_DEVICE_FAMILY = "1,2";
			};
			name = Release;
		};
/* End XCBuildConfiguration section */

/* Begin XCConfigurationList section */
		3E097E1220D9FEEA009201A9 /* Build configuration list for PBXProject "SwiftStudy" */ = {
			isa = XCConfigurationList;
			buildConfigurations = (
				3E097E2720D9FEED009201A9 /* Debug */,
				3E097E2820D9FEED009201A9 /* Release */,
			);
			defaultConfigurationIsVisible = 0;
			defaultConfigurationName = Release;
		};
		3E097E2920D9FEED009201A9 /* Build configuration list for PBXNativeTarget "SwiftStudy" */ = {
			isa = XCConfigurationList;
			buildConfigurations = (
				3E097E2A20D9FEED009201A9 /* Debug */,
				3E097E2B20D9FEED009201A9 /* Release */,
			);
			defaultConfigurationIsVisible = 0;
			defaultConfigurationName = Release;
		};
/* End XCConfigurationList section */
	};
	rootObject = 3E097E0F20D9FEEA009201A9 /* Project object */;
}
